// !$*UTF8*$!
{
	archiveVersion = 1;
	classes = {
	};
	objectVersion = 46;
	objects = {

/* Begin PBXBuildFile section */
		96BE2D571AB62E0600281B50 /* nwilliams59_Part3.cpp in Sources */ = {isa = PBXBuildFile; fileRef = 96BE2D561AB62E0600281B50 /* nwilliams59_Part3.cpp */; };
/* End PBXBuildFile section */

/* Begin PBXCopyFilesBuildPhase section */
		96BE2D511AB62E0600281B50 /* CopyFiles */ = {
			isa = PBXCopyFilesBuildPhase;
			buildActionMask = 2147483647;
			dstPath = /usr/share/man/man1/;
			dstSubfolderSpec = 0;
			files = (
			);
			runOnlyForDeploymentPostprocessing = 1;
		};
/* End PBXCopyFilesBuildPhase section */

/* Begin PBXFileReference section */
		96BE2D531AB62E0600281B50 /* nwilliams59_Midterm_LinkedList */ = {isa = PBXFileReference; explicitFileType = "compiled.mach-o.executable"; includeInIndex = 0; path = nwilliams59_Midterm_LinkedList; sourceTree = BUILT_PRODUCTS_DIR; };
		96BE2D561AB62E0600281B50 /* nwilliams59_Part3.cpp */ = {isa = PBXFileReference; lastKnownFileType = sourcecode.cpp.cpp; path = nwilliams59_Part3.cpp; sourceTree = "<group>"; };
/* End PBXFileReference section */

/* Begin PBXFrameworksBuildPhase section */
		96BE2D501AB62E0600281B50 /* Frameworks */ = {
			isa = PBXFrameworksBuildPhase;
			buildActionMask = 2147483647;
			files = (
			);
			runOnlyForDeploymentPostprocessing = 0;
		};
/* End PBXFrameworksBuildPhase section */

/* Begin PBXGroup section */
		96BE2D4A1AB62E0600281B50 = {
			isa = PBXGroup;
			children = (
				96BE2D551AB62E0600281B50 /* nwilliams59_Midterm_LinkedList */,
				96BE2D541AB62E0600281B50 /* Products */,
			);
			sourceTree = "<group>";
		};
		96BE2D541AB62E0600281B50 /* Products */ = {
			isa = PBXGroup;
			children = (
				96BE2D531AB62E0600281B50 /* nwilliams59_Midterm_LinkedList */,
			);
			name = Products;
			sourceTree = "<group>";
		};
		96BE2D551AB62E0600281B50 /* nwilliams59_Midterm_LinkedList */ = {
			isa = PBXGroup;
			children = (
				96BE2D561AB62E0600281B50 /* nwilliams59_Part3.cpp */,
			);
			path = nwilliams59_Midterm_LinkedList;
			sourceTree = "<group>";
		};
/* End PBXGroup section */

/* Begin PBXNativeTarget section */
		96BE2D521AB62E0600281B50 /* nwilliams59_Midterm_LinkedList */ = {
			isa = PBXNativeTarget;
			buildConfigurationList = 96BE2D5A1AB62E0600281B50 /* Build configuration list for PBXNativeTarget "nwilliams59_Midterm_LinkedList" */;
			buildPhases = (
				96BE2D4F1AB62E0600281B50 /* Sources */,
				96BE2D501AB62E0600281B50 /* Frameworks */,
				96BE2D511AB62E0600281B50 /* CopyFiles */,
			);
			buildRules = (
			);
			dependencies = (
			);
			name = nwilliams59_Midterm_LinkedList;
			productName = nwilliams59_Midterm_LinkedList;
			productReference = 96BE2D531AB62E0600281B50 /* nwilliams59_Midterm_LinkedList */;
			productType = "com.apple.product-type.tool";
		};
/* End PBXNativeTarget section */

/* Begin PBXProject section */
		96BE2D4B1AB62E0600281B50 /* Project object */ = {
			isa = PBXProject;
			attributes = {
				LastUpgradeCheck = 0610;
				ORGANIZATIONNAME = Ninjaneer;
				TargetAttributes = {
					96BE2D521AB62E0600281B50 = {
						CreatedOnToolsVersion = 6.1.1;
					};
				};
			};
			buildConfigurationList = 96BE2D4E1AB62E0600281B50 /* Build configuration list for PBXProject "nwilliams59_Midterm_LinkedList" */;
			compatibilityVersion = "Xcode 3.2";
			developmentRegion = English;
			hasScannedForEncodings = 0;
			knownRegions = (
				en,
			);
			mainGroup = 96BE2D4A1AB62E0600281B50;
			productRefGroup = 96BE2D541AB62E0600281B50 /* Products */;
			projectDirPath = "";
			projectRoot = "";
			targets = (
				96BE2D521AB62E0600281B50 /* nwilliams59_Midterm_LinkedList */,
			);
		};
/* End PBXProject section */

/* Begin PBXSourcesBuildPhase section */
		96BE2D4F1AB62E0600281B50 /* Sources */ = {
			isa = PBXSourcesBuildPhase;
			buildActionMask = 2147483647;
			files = (
				96BE2D571AB62E0600281B50 /* nwilliams59_Part3.cpp in Sources */,
			);
			runOnlyForDeploymentPostprocessing = 0;
		};
/* End PBXSourcesBuildPhase section */

/* Begin XCBuildConfiguration section */
		96BE2D581AB62E0600281B50 /* Debug */ = {
			isa = XCBuildConfiguration;
			buildSettings = {
				ALWAYS_SEARCH_USER_PATHS = NO;
				CLANG_CXX_LANGUAGE_STANDARD = "gnu++0x";
				CLANG_CXX_LIBRARY = "libc++";
				CLANG_ENABLE_MODULES = YES;
				CLANG_ENABLE_OBJC_ARC = YES;
				CLANG_WARN_BOOL_CONVERSION = YES;
				CLANG_WARN_CONSTANT_CONVERSION = YES;
				CLANG_WARN_DIRECT_OBJC_ISA_USAGE = YES_ERROR;
				CLANG_WARN_EMPTY_BODY = YES;
				CLANG_WARN_ENUM_CONVERSION = YES;
				CLANG_WARN_INT_CONVERSION = YES;
				CLANG_WARN_OBJC_ROOT_CLASS = YES_ERROR;
				CLANG_WARN_UNREACHABLE_CODE = YES;
				CLANG_WARN__DUPLICATE_METHOD_MATCH = YES;
				COPY_PHASE_STRIP = NO;
				ENABLE_STRICT_OBJC_MSGSEND = YES;
				GCC_C_LANGUAGE_STANDARD = gnu99;
				GCC_DYNAMIC_NO_PIC = NO;
				GCC_OPTIMIZATION_LEVEL = 0;
				GCC_PREPROCESSOR_DEFINITIONS = (
					"DEBUG=1",
					"$(inherited)",
				);
				GCC_SYMBOLS_PRIVATE_EXTERN = NO;
				GCC_WARN_64_TO_32_BIT_CONVERSION = YES;
				GCC_WARN_ABOUT_RETURN_TYPE = YES_ERROR;
				GCC_WARN_UNDECLARED_SELECTOR = YES;
				GCC_WARN_UNINITIALIZED_AUTOS = YES_AGGRESSIVE;
				GCC_WARN_UNUSED_FUNCTION = YES;
				GCC_WARN_UNUSED_VARIABLE = YES;
				MACOSX_DEPLOYMENT_TARGET = 10.10;
				MTL_ENABLE_DEBUG_INFO = YES;
				ONLY_ACTIVE_ARCH = YES;
				SDKROOT = macosx;
			};
			name = Debug;
		};
		96BE2D591AB62E0600281B50 /* Release */ = {
			isa = XCBuildConfiguration;
			buildSettings = {
				ALWAYS_SEARCH_USER_PATHS = NO;
				CLANG_CXX_LANGUAGE_STANDARD = "gnu++0x";
				CLANG_CXX_LIBRARY = "libc++";
				CLANG_ENABLE_MODULES = YES;
				CLANG_ENABLE_OBJC_ARC = YES;
				CLANG_WARN_BOOL_CONVERSION = YES;
				CLANG_WARN_CONSTANT_CONVERSION = YES;
				CLANG_WARN_DIRECT_OBJC_ISA_USAGE = YES_ERROR;
				CLANG_WARN_EMPTY_BODY = YES;
				CLANG_WARN_ENUM_CONVERSION = YES;
				CLANG_WARN_INT_CONVERSION = YES;
				CLANG_WARN_OBJC_ROOT_CLASS = YES_ERROR;
				CLANG_WARN_UNREACHABLE_CODE = YES;
				CLANG_WARN__DUPLICATE_METHOD_MATCH = YES;
				COPY_PHASE_STRIP = YES;
				DEBUG_INFORMATION_FORMAT = "dwarf-with-dsym";
				ENABLE_NS_ASSERTIONS = NO;
				ENABLE_STRICT_OBJC_MSGSEND = YES;
				GCC_C_LANGUAGE_STANDARD = gnu99;
				GCC_WARN_64_TO_32_BIT_CONVERSION = YES;
				GCC_WARN_ABOUT_RETURN_TYPE = YES_ERROR;
				GCC_WARN_UNDECLARED_SELECTOR = YES;
				GCC_WARN_UNINITIALIZED_AUTOS = YES_AGGRESSIVE;
				GCC_WARN_UNUSED_FUNCTION = YES;
				GCC_WARN_UNUSED_VARIABLE = YES;
				MACOSX_DEPLOYMENT_TARGET = 10.10;
				MTL_ENABLE_DEBUG_INFO = NO;
				SDKROOT = macosx;
			};
			name = Release;
		};
		96BE2D5B1AB62E0600281B50 /* Debug */ = {
			isa = XCBuildConfiguration;
			buildSettings = {
				PRODUCT_NAME = "$(TARGET_NAME)";
			};
			name = Debug;
		};
		96BE2D5C1AB62E0600281B50 /* Release */ = {
			isa = XCBuildConfiguration;
			buildSettings = {
				PRODUCT_NAME = "$(TARGET_NAME)";
			};
			name = Release;
		};
/* End XCBuildConfiguration section */

/* Begin XCConfigurationList section */
		96BE2D4E1AB62E0600281B50 /* Build configuration list for PBXProject "nwilliams59_Midterm_LinkedList" */ = {
			isa = XCConfigurationList;
			buildConfigurations = (
				96BE2D581AB62E0600281B50 /* Debug */,
				96BE2D591AB62E0600281B50 /* Release */,
			);
			defaultConfigurationIsVisible = 0;
			defaultConfigurationName = Release;
		};
		96BE2D5A1AB62E0600281B50 /* Build configuration list for PBXNativeTarget "nwilliams59_Midterm_LinkedList" */ = {
			isa = XCConfigurationList;
			buildConfigurations = (
				96BE2D5B1AB62E0600281B50 /* Debug */,
				96BE2D5C1AB62E0600281B50 /* Release */,
			);
			defaultConfigurationIsVisible = 0;
			defaultConfigurationName = Release;
		};
/* End XCConfigurationList section */
	};
	rootObject = 96BE2D4B1AB62E0600281B50 /* Project object */;
}
